// !$*UTF8*$!
{
	archiveVersion = 1;
	classes = {
	};
	objectVersion = 46;
	objects = {

/* Begin PBXBuildFile section */
		0CE600E1151914A900A4E768 /* Foundation.framework in Frameworks */ = {isa = PBXBuildFile; fileRef = 0CE600E0151914A900A4E768 /* Foundation.framework */; };
		0CE600E3151914A900A4E768 /* UIKit.framework in Frameworks */ = {isa = PBXBuildFile; fileRef = 0CE600E2151914A900A4E768 /* UIKit.framework */; };
		0CE600E5151914A900A4E768 /* CoreGraphics.framework in Frameworks */ = {isa = PBXBuildFile; fileRef = 0CE600E4151914A900A4E768 /* CoreGraphics.framework */; };
		0CE600E7151914A900A4E768 /* AddressBook.framework in Frameworks */ = {isa = PBXBuildFile; fileRef = 0CE600E6151914A900A4E768 /* AddressBook.framework */; };
		0CE600E9151914A900A4E768 /* AddressBookUI.framework in Frameworks */ = {isa = PBXBuildFile; fileRef = 0CE600E8151914A900A4E768 /* AddressBookUI.framework */; };
		0CE600EB151914A900A4E768 /* AudioToolbox.framework in Frameworks */ = {isa = PBXBuildFile; fileRef = 0CE600EA151914A900A4E768 /* AudioToolbox.framework */; };
		0CE600ED151914A900A4E768 /* AVFoundation.framework in Frameworks */ = {isa = PBXBuildFile; fileRef = 0CE600EC151914A900A4E768 /* AVFoundation.framework */; };
		0CE600EF151914A900A4E768 /* CoreLocation.framework in Frameworks */ = {isa = PBXBuildFile; fileRef = 0CE600EE151914A900A4E768 /* CoreLocation.framework */; };
		0CE600F1151914A900A4E768 /* MediaPlayer.framework in Frameworks */ = {isa = PBXBuildFile; fileRef = 0CE600F0151914A900A4E768 /* MediaPlayer.framework */; };
		0CE600F3151914A900A4E768 /* QuartzCore.framework in Frameworks */ = {isa = PBXBuildFile; fileRef = 0CE600F2151914A900A4E768 /* QuartzCore.framework */; };
		0CE600F5151914A900A4E768 /* SystemConfiguration.framework in Frameworks */ = {isa = PBXBuildFile; fileRef = 0CE600F4151914A900A4E768 /* SystemConfiguration.framework */; };
		0CE600F7151914A900A4E768 /* MobileCoreServices.framework in Frameworks */ = {isa = PBXBuildFile; fileRef = 0CE600F6151914A900A4E768 /* MobileCoreServices.framework */; };
		0CE600F9151914A900A4E768 /* CoreMedia.framework in Frameworks */ = {isa = PBXBuildFile; fileRef = 0CE600F8151914A900A4E768 /* CoreMedia.framework */; };
		0CE600FF151914A900A4E768 /* InfoPlist.strings in Resources */ = {isa = PBXBuildFile; fileRef = 0CE600FD151914A900A4E768 /* InfoPlist.strings */; };
		0CE60101151914A900A4E768 /* main.m in Sources */ = {isa = PBXBuildFile; fileRef = 0CE60100151914A900A4E768 /* main.m */; };
		0CE60104151914A900A4E768 /* PhoneGap.framework in Frameworks */ = {isa = PBXBuildFile; fileRef = 0CE60103151914A900A4E768 /* PhoneGap.framework */; };
		0CE60109151914A900A4E768 /* Localizable.strings in Resources */ = {isa = PBXBuildFile; fileRef = 0CE60107151914A900A4E768 /* Localizable.strings */; };
		0CE6010D151914A900A4E768 /* Localizable.strings in Resources */ = {isa = PBXBuildFile; fileRef = 0CE6010B151914A900A4E768 /* Localizable.strings */; };
		0CE60110151914A900A4E768 /* icon.png in Resources */ = {isa = PBXBuildFile; fileRef = 0CE6010F151914A900A4E768 /* icon.png */; };
		0CE60112151914A900A4E768 /* icon@2x.png in Resources */ = {isa = PBXBuildFile; fileRef = 0CE60111151914A900A4E768 /* icon@2x.png */; };
		0CE60114151914A900A4E768 /* icon-72.png in Resources */ = {isa = PBXBuildFile; fileRef = 0CE60113151914A900A4E768 /* icon-72.png */; };
		0CE60117151914A900A4E768 /* Default.png in Resources */ = {isa = PBXBuildFile; fileRef = 0CE60116151914A900A4E768 /* Default.png */; };
		0CE60119151914A900A4E768 /* Default@2x.png in Resources */ = {isa = PBXBuildFile; fileRef = 0CE60118151914A900A4E768 /* Default@2x.png */; };
		0CE6011B151914A900A4E768 /* Capture.bundle in Resources */ = {isa = PBXBuildFile; fileRef = 0CE6011A151914A900A4E768 /* Capture.bundle */; };
		0CE6011D151914A900A4E768 /* PhoneGap.plist in Resources */ = {isa = PBXBuildFile; fileRef = 0CE6011C151914A900A4E768 /* PhoneGap.plist */; };
		0CE60121151914A900A4E768 /* AppDelegate.m in Sources */ = {isa = PBXBuildFile; fileRef = 0CE60120151914A900A4E768 /* AppDelegate.m */; };
		0CE60124151914A900A4E768 /* MainViewController.m in Sources */ = {isa = PBXBuildFile; fileRef = 0CE60123151914A900A4E768 /* MainViewController.m */; };
		0CE60126151914A900A4E768 /* MainViewController.xib in Resources */ = {isa = PBXBuildFile; fileRef = 0CE60125151914A900A4E768 /* MainViewController.xib */; };
		8274E73A156C388100CA74CF /* www in Resources */ = {isa = PBXBuildFile; fileRef = 8274E739156C388100CA74CF /* www */; };
		F4244104156BF92B00AEAAD2 /* ChildBrowserCommand.m in Sources */ = {isa = PBXBuildFile; fileRef = F4244100156BF92B00AEAAD2 /* ChildBrowserCommand.m */; };
		F4244105156BF92B00AEAAD2 /* ChildBrowserViewController.m in Sources */ = {isa = PBXBuildFile; fileRef = F4244102156BF92B00AEAAD2 /* ChildBrowserViewController.m */; };
		F4244106156BF92B00AEAAD2 /* ChildBrowserViewController.xib in Resources */ = {isa = PBXBuildFile; fileRef = F4244103156BF92B00AEAAD2 /* ChildBrowserViewController.xib */; };
		F49660A1153F4B9400E5ACAB /* libTestFlight.a in Frameworks */ = {isa = PBXBuildFile; fileRef = F496609F153F4B9400E5ACAB /* libTestFlight.a */; };
		F49660A4153F4C0000E5ACAB /* libz.dylib in Frameworks */ = {isa = PBXBuildFile; fileRef = F49660A3153F4C0000E5ACAB /* libz.dylib */; };
		F49660A7153F4EE700E5ACAB /* PGTestFlight.m in Sources */ = {isa = PBXBuildFile; fileRef = F49660A6153F4EE700E5ACAB /* PGTestFlight.m */; };
		F4CCDADF152A27E100313C3B /* GoogleAnalyticsPlugin.m in Sources */ = {isa = PBXBuildFile; fileRef = F4CCDADD152A27E100313C3B /* GoogleAnalyticsPlugin.m */; };
		F4CCDAE0152A27E100313C3B /* GoogSDK in Resources */ = {isa = PBXBuildFile; fileRef = F4CCDADE152A27E100313C3B /* GoogSDK */; };
		F4CCDAE4152A27ED00313C3B /* libGoogleAnalytics.a in Frameworks */ = {isa = PBXBuildFile; fileRef = F4CCDAE3152A27ED00313C3B /* libGoogleAnalytics.a */; };
		F4CCDAE6152A280100313C3B /* libsqlite3.0.dylib in Frameworks */ = {isa = PBXBuildFile; fileRef = F4CCDAE5152A280100313C3B /* libsqlite3.0.dylib */; };
		F4CCDAE8152A281100313C3B /* CFNetwork.framework in Frameworks */ = {isa = PBXBuildFile; fileRef = F4CCDAE7152A281100313C3B /* CFNetwork.framework */; };
/* End PBXBuildFile section */

/* Begin PBXFileReference section */
		0CE600DC151914A900A4E768 /* CapitalTour.app */ = {isa = PBXFileReference; explicitFileType = wrapper.application; includeInIndex = 0; path = CapitalTour.app; sourceTree = BUILT_PRODUCTS_DIR; };
		0CE600E0151914A900A4E768 /* Foundation.framework */ = {isa = PBXFileReference; lastKnownFileType = wrapper.framework; name = Foundation.framework; path = System/Library/Frameworks/Foundation.framework; sourceTree = SDKROOT; };
		0CE600E2151914A900A4E768 /* UIKit.framework */ = {isa = PBXFileReference; lastKnownFileType = wrapper.framework; name = UIKit.framework; path = System/Library/Frameworks/UIKit.framework; sourceTree = SDKROOT; };
		0CE600E4151914A900A4E768 /* CoreGraphics.framework */ = {isa = PBXFileReference; lastKnownFileType = wrapper.framework; name = CoreGraphics.framework; path = System/Library/Frameworks/CoreGraphics.framework; sourceTree = SDKROOT; };
		0CE600E6151914A900A4E768 /* AddressBook.framework */ = {isa = PBXFileReference; lastKnownFileType = wrapper.framework; name = AddressBook.framework; path = System/Library/Frameworks/AddressBook.framework; sourceTree = SDKROOT; };
		0CE600E8151914A900A4E768 /* AddressBookUI.framework */ = {isa = PBXFileReference; lastKnownFileType = wrapper.framework; name = AddressBookUI.framework; path = System/Library/Frameworks/AddressBookUI.framework; sourceTree = SDKROOT; };
		0CE600EA151914A900A4E768 /* AudioToolbox.framework */ = {isa = PBXFileReference; lastKnownFileType = wrapper.framework; name = AudioToolbox.framework; path = System/Library/Frameworks/AudioToolbox.framework; sourceTree = SDKROOT; };
		0CE600EC151914A900A4E768 /* AVFoundation.framework */ = {isa = PBXFileReference; lastKnownFileType = wrapper.framework; name = AVFoundation.framework; path = System/Library/Frameworks/AVFoundation.framework; sourceTree = SDKROOT; };
		0CE600EE151914A900A4E768 /* CoreLocation.framework */ = {isa = PBXFileReference; lastKnownFileType = wrapper.framework; name = CoreLocation.framework; path = System/Library/Frameworks/CoreLocation.framework; sourceTree = SDKROOT; };
		0CE600F0151914A900A4E768 /* MediaPlayer.framework */ = {isa = PBXFileReference; lastKnownFileType = wrapper.framework; name = MediaPlayer.framework; path = System/Library/Frameworks/MediaPlayer.framework; sourceTree = SDKROOT; };
		0CE600F2151914A900A4E768 /* QuartzCore.framework */ = {isa = PBXFileReference; lastKnownFileType = wrapper.framework; name = QuartzCore.framework; path = System/Library/Frameworks/QuartzCore.framework; sourceTree = SDKROOT; };
		0CE600F4151914A900A4E768 /* SystemConfiguration.framework */ = {isa = PBXFileReference; lastKnownFileType = wrapper.framework; name = SystemConfiguration.framework; path = System/Library/Frameworks/SystemConfiguration.framework; sourceTree = SDKROOT; };
		0CE600F6151914A900A4E768 /* MobileCoreServices.framework */ = {isa = PBXFileReference; lastKnownFileType = wrapper.framework; name = MobileCoreServices.framework; path = System/Library/Frameworks/MobileCoreServices.framework; sourceTree = SDKROOT; };
		0CE600F8151914A900A4E768 /* CoreMedia.framework */ = {isa = PBXFileReference; lastKnownFileType = wrapper.framework; name = CoreMedia.framework; path = System/Library/Frameworks/CoreMedia.framework; sourceTree = SDKROOT; };
		0CE600FC151914A900A4E768 /* CapitalTour-Info.plist */ = {isa = PBXFileReference; lastKnownFileType = text.plist.xml; path = "CapitalTour-Info.plist"; sourceTree = "<group>"; };
		0CE600FE151914A900A4E768 /* en */ = {isa = PBXFileReference; lastKnownFileType = text.plist.strings; name = en; path = en.lproj/InfoPlist.strings; sourceTree = "<group>"; };
		0CE60100151914A900A4E768 /* main.m */ = {isa = PBXFileReference; lastKnownFileType = sourcecode.c.objc; path = main.m; sourceTree = "<group>"; };
		0CE60102151914A900A4E768 /* CapitalTour-Prefix.pch */ = {isa = PBXFileReference; lastKnownFileType = sourcecode.c.h; path = "CapitalTour-Prefix.pch"; sourceTree = "<group>"; };
		0CE60103151914A900A4E768 /* PhoneGap.framework */ = {isa = PBXFileReference; lastKnownFileType = wrapper.framework; name = PhoneGap.framework; path = /Users/Shared/PhoneGap/Frameworks/PhoneGap.framework; sourceTree = "<absolute>"; };
		0CE60108151914A900A4E768 /* en */ = {isa = PBXFileReference; lastKnownFileType = text.plist.strings; name = en; path = Resources/en.lproj/Localizable.strings; sourceTree = "<group>"; };
		0CE6010C151914A900A4E768 /* es */ = {isa = PBXFileReference; lastKnownFileType = text.plist.strings; name = es; path = Resources/es.lproj/Localizable.strings; sourceTree = "<group>"; };
		0CE6010F151914A900A4E768 /* icon.png */ = {isa = PBXFileReference; lastKnownFileType = image.png; name = icon.png; path = Resources/icons/icon.png; sourceTree = "<group>"; };
		0CE60111151914A900A4E768 /* icon@2x.png */ = {isa = PBXFileReference; lastKnownFileType = image.png; name = "icon@2x.png"; path = "Resources/icons/icon@2x.png"; sourceTree = "<group>"; };
		0CE60113151914A900A4E768 /* icon-72.png */ = {isa = PBXFileReference; lastKnownFileType = image.png; name = "icon-72.png"; path = "Resources/icons/icon-72.png"; sourceTree = "<group>"; };
		0CE60116151914A900A4E768 /* Default.png */ = {isa = PBXFileReference; lastKnownFileType = image.png; name = Default.png; path = Resources/splash/Default.png; sourceTree = "<group>"; };
		0CE60118151914A900A4E768 /* Default@2x.png */ = {isa = PBXFileReference; lastKnownFileType = image.png; name = "Default@2x.png"; path = "Resources/splash/Default@2x.png"; sourceTree = "<group>"; };
		0CE6011A151914A900A4E768 /* Capture.bundle */ = {isa = PBXFileReference; lastKnownFileType = "wrapper.plug-in"; name = Capture.bundle; path = Resources/Capture.bundle; sourceTree = "<group>"; };
		0CE6011C151914A900A4E768 /* PhoneGap.plist */ = {isa = PBXFileReference; lastKnownFileType = text.plist.xml; path = PhoneGap.plist; sourceTree = "<group>"; };
		0CE6011F151914A900A4E768 /* AppDelegate.h */ = {isa = PBXFileReference; lastKnownFileType = sourcecode.c.h; name = AppDelegate.h; path = Classes/AppDelegate.h; sourceTree = "<group>"; };
		0CE60120151914A900A4E768 /* AppDelegate.m */ = {isa = PBXFileReference; lastKnownFileType = sourcecode.c.objc; name = AppDelegate.m; path = Classes/AppDelegate.m; sourceTree = "<group>"; };
		0CE60122151914A900A4E768 /* MainViewController.h */ = {isa = PBXFileReference; lastKnownFileType = sourcecode.c.h; name = MainViewController.h; path = Classes/MainViewController.h; sourceTree = "<group>"; };
		0CE60123151914A900A4E768 /* MainViewController.m */ = {isa = PBXFileReference; lastKnownFileType = sourcecode.c.objc; name = MainViewController.m; path = Classes/MainViewController.m; sourceTree = "<group>"; };
		0CE60125151914A900A4E768 /* MainViewController.xib */ = {isa = PBXFileReference; lastKnownFileType = file.xib; name = MainViewController.xib; path = Classes/MainViewController.xib; sourceTree = "<group>"; };
		0CE60128151914A900A4E768 /* README */ = {isa = PBXFileReference; lastKnownFileType = text; name = README; path = Plugins/README; sourceTree = "<group>"; };
		8274E739156C388100CA74CF /* www */ = {isa = PBXFileReference; lastKnownFileType = folder; name = www; path = ../../www; sourceTree = SOURCE_ROOT; };
		F42440FF156BF92B00AEAAD2 /* ChildBrowserCommand.h */ = {isa = PBXFileReference; fileEncoding = 4; lastKnownFileType = sourcecode.c.h; path = ChildBrowserCommand.h; sourceTree = "<group>"; };
		F4244100156BF92B00AEAAD2 /* ChildBrowserCommand.m */ = {isa = PBXFileReference; fileEncoding = 4; lastKnownFileType = sourcecode.c.objc; path = ChildBrowserCommand.m; sourceTree = "<group>"; };
		F4244101156BF92B00AEAAD2 /* ChildBrowserViewController.h */ = {isa = PBXFileReference; fileEncoding = 4; lastKnownFileType = sourcecode.c.h; path = ChildBrowserViewController.h; sourceTree = "<group>"; };
		F4244102156BF92B00AEAAD2 /* ChildBrowserViewController.m */ = {isa = PBXFileReference; fileEncoding = 4; lastKnownFileType = sourcecode.c.objc; path = ChildBrowserViewController.m; sourceTree = "<group>"; };
		F4244103156BF92B00AEAAD2 /* ChildBrowserViewController.xib */ = {isa = PBXFileReference; fileEncoding = 4; lastKnownFileType = file.xib; path = ChildBrowserViewController.xib; sourceTree = "<group>"; };
		F496609F153F4B9400E5ACAB /* libTestFlight.a */ = {isa = PBXFileReference; lastKnownFileType = archive.ar; path = libTestFlight.a; sourceTree = "<group>"; };
		F49660A0153F4B9400E5ACAB /* TestFlight.h */ = {isa = PBXFileReference; fileEncoding = 4; lastKnownFileType = sourcecode.c.h; path = TestFlight.h; sourceTree = "<group>"; };
		F49660A3153F4C0000E5ACAB /* libz.dylib */ = {isa = PBXFileReference; lastKnownFileType = "compiled.mach-o.dylib"; name = libz.dylib; path = usr/lib/libz.dylib; sourceTree = SDKROOT; };
		F49660A5153F4EE700E5ACAB /* PGTestFlight.h */ = {isa = PBXFileReference; fileEncoding = 4; lastKnownFileType = sourcecode.c.h; path = PGTestFlight.h; sourceTree = "<group>"; };
		F49660A6153F4EE700E5ACAB /* PGTestFlight.m */ = {isa = PBXFileReference; fileEncoding = 4; lastKnownFileType = sourcecode.c.objc; path = PGTestFlight.m; sourceTree = "<group>"; };
		F49660A8153F521700E5ACAB /* BruleJr.entitlements */ = {isa = PBXFileReference; lastKnownFileType = text.xml; path = BruleJr.entitlements; sourceTree = "<group>"; };
		F4BD112B154615E8004E04F9 /* fr */ = {isa = PBXFileReference; lastKnownFileType = text.plist.strings; name = fr; path = fr.lproj/InfoPlist.strings; sourceTree = "<group>"; };
		F4CCDADC152A27E100313C3B /* GoogleAnalyticsPlugin.h */ = {isa = PBXFileReference; fileEncoding = 4; lastKnownFileType = sourcecode.c.h; name = GoogleAnalyticsPlugin.h; path = Plugins/GoogleAnalyticsPlugin.h; sourceTree = "<group>"; };
		F4CCDADD152A27E100313C3B /* GoogleAnalyticsPlugin.m */ = {isa = PBXFileReference; fileEncoding = 4; lastKnownFileType = sourcecode.c.objc; name = GoogleAnalyticsPlugin.m; path = Plugins/GoogleAnalyticsPlugin.m; sourceTree = "<group>"; };
		F4CCDADE152A27E100313C3B /* GoogSDK */ = {isa = PBXFileReference; lastKnownFileType = folder; name = GoogSDK; path = Plugins/GoogSDK; sourceTree = "<group>"; };
		F4CCDAE2152A27ED00313C3B /* GANTracker.h */ = {isa = PBXFileReference; fileEncoding = 4; lastKnownFileType = sourcecode.c.h; name = GANTracker.h; path = Plugins/GoogSDK/GANTracker.h; sourceTree = "<group>"; };
		F4CCDAE3152A27ED00313C3B /* libGoogleAnalytics.a */ = {isa = PBXFileReference; lastKnownFileType = archive.ar; name = libGoogleAnalytics.a; path = Plugins/GoogSDK/libGoogleAnalytics.a; sourceTree = "<group>"; };
		F4CCDAE5152A280100313C3B /* libsqlite3.0.dylib */ = {isa = PBXFileReference; lastKnownFileType = "compiled.mach-o.dylib"; name = libsqlite3.0.dylib; path = usr/lib/libsqlite3.0.dylib; sourceTree = SDKROOT; };
		F4CCDAE7152A281100313C3B /* CFNetwork.framework */ = {isa = PBXFileReference; lastKnownFileType = wrapper.framework; name = CFNetwork.framework; path = System/Library/Frameworks/CFNetwork.framework; sourceTree = SDKROOT; };
/* End PBXFileReference section */

/* Begin PBXFrameworksBuildPhase section */
		0CE600D6151914A900A4E768 /* Frameworks */ = {
			isa = PBXFrameworksBuildPhase;
			buildActionMask = 2147483647;
			files = (
				F49660A4153F4C0000E5ACAB /* libz.dylib in Frameworks */,
				F4CCDAE8152A281100313C3B /* CFNetwork.framework in Frameworks */,
				F4CCDAE6152A280100313C3B /* libsqlite3.0.dylib in Frameworks */,
				0CE600E1151914A900A4E768 /* Foundation.framework in Frameworks */,
				0CE600E3151914A900A4E768 /* UIKit.framework in Frameworks */,
				0CE600E5151914A900A4E768 /* CoreGraphics.framework in Frameworks */,
				0CE600E7151914A900A4E768 /* AddressBook.framework in Frameworks */,
				0CE600E9151914A900A4E768 /* AddressBookUI.framework in Frameworks */,
				0CE600EB151914A900A4E768 /* AudioToolbox.framework in Frameworks */,
				0CE600ED151914A900A4E768 /* AVFoundation.framework in Frameworks */,
				0CE600EF151914A900A4E768 /* CoreLocation.framework in Frameworks */,
				0CE600F1151914A900A4E768 /* MediaPlayer.framework in Frameworks */,
				0CE600F3151914A900A4E768 /* QuartzCore.framework in Frameworks */,
				0CE600F5151914A900A4E768 /* SystemConfiguration.framework in Frameworks */,
				0CE600F7151914A900A4E768 /* MobileCoreServices.framework in Frameworks */,
				0CE600F9151914A900A4E768 /* CoreMedia.framework in Frameworks */,
				0CE60104151914A900A4E768 /* PhoneGap.framework in Frameworks */,
				F4CCDAE4152A27ED00313C3B /* libGoogleAnalytics.a in Frameworks */,
				F49660A1153F4B9400E5ACAB /* libTestFlight.a in Frameworks */,
			);
			runOnlyForDeploymentPostprocessing = 0;
		};
		0CE600D9151914A900A4E768 /* Frameworks */ = {
			isa = PBXFrameworksBuildPhase;
			buildActionMask = 2147483647;
			files = (
			);
			runOnlyForDeploymentPostprocessing = 0;
		};
/* End PBXFrameworksBuildPhase section */

/* Begin PBXGroup section */
		0CE600CE151914A900A4E768 = {
			isa = PBXGroup;
			children = (
				8274E739156C388100CA74CF /* www */,
				F49660A5153F4EE700E5ACAB /* PGTestFlight.h */,
				F49660A6153F4EE700E5ACAB /* PGTestFlight.m */,
				F49660A3153F4C0000E5ACAB /* libz.dylib */,
				F496609F153F4B9400E5ACAB /* libTestFlight.a */,
				F49660A0153F4B9400E5ACAB /* TestFlight.h */,
				F4CCDAE7152A281100313C3B /* CFNetwork.framework */,
				F4CCDAE5152A280100313C3B /* libsqlite3.0.dylib */,
				0CE600FA151914A900A4E768 /* BruleJr */,
				0CE600DF151914A900A4E768 /* Frameworks */,
				0CE600DD151914A900A4E768 /* Products */,
			);
			sourceTree = "<group>";
		};
		0CE600DD151914A900A4E768 /* Products */ = {
			isa = PBXGroup;
			children = (
				0CE600DC151914A900A4E768 /* CapitalTour.app */,
			);
			name = Products;
			sourceTree = "<group>";
		};
		0CE600DF151914A900A4E768 /* Frameworks */ = {
			isa = PBXGroup;
			children = (
				0CE600E0151914A900A4E768 /* Foundation.framework */,
				0CE600E2151914A900A4E768 /* UIKit.framework */,
				0CE600E4151914A900A4E768 /* CoreGraphics.framework */,
				0CE600E6151914A900A4E768 /* AddressBook.framework */,
				0CE600E8151914A900A4E768 /* AddressBookUI.framework */,
				0CE600EA151914A900A4E768 /* AudioToolbox.framework */,
				0CE600EC151914A900A4E768 /* AVFoundation.framework */,
				0CE600EE151914A900A4E768 /* CoreLocation.framework */,
				0CE600F0151914A900A4E768 /* MediaPlayer.framework */,
				0CE600F2151914A900A4E768 /* QuartzCore.framework */,
				0CE600F4151914A900A4E768 /* SystemConfiguration.framework */,
				0CE600F6151914A900A4E768 /* MobileCoreServices.framework */,
				0CE600F8151914A900A4E768 /* CoreMedia.framework */,
			);
			name = Frameworks;
			sourceTree = "<group>";
		};
		0CE600FA151914A900A4E768 /* BruleJr */ = {
			isa = PBXGroup;
			children = (
				F49660A8153F521700E5ACAB /* BruleJr.entitlements */,
				0CE60103151914A900A4E768 /* PhoneGap.framework */,
				0CE60105151914A900A4E768 /* Resources */,
				0CE6011E151914A900A4E768 /* Classes */,
				0CE60127151914A900A4E768 /* Plugins */,
				0CE600FB151914A900A4E768 /* Supporting Files */,
			);
			path = BruleJr;
			sourceTree = "<group>";
		};
		0CE600FB151914A900A4E768 /* Supporting Files */ = {
			isa = PBXGroup;
			children = (
				0CE600FC151914A900A4E768 /* CapitalTour-Info.plist */,
				0CE600FD151914A900A4E768 /* InfoPlist.strings */,
				0CE60100151914A900A4E768 /* main.m */,
				0CE60102151914A900A4E768 /* CapitalTour-Prefix.pch */,
				0CE6011C151914A900A4E768 /* PhoneGap.plist */,
				0CE60125151914A900A4E768 /* MainViewController.xib */,
			);
			name = "Supporting Files";
			sourceTree = "<group>";
		};
		0CE60105151914A900A4E768 /* Resources */ = {
			isa = PBXGroup;
			children = (
				0CE6011A151914A900A4E768 /* Capture.bundle */,
				0CE60106151914A900A4E768 /* en.lproj */,
				0CE6010A151914A900A4E768 /* es.lproj */,
				0CE6010E151914A900A4E768 /* icons */,
				0CE60115151914A900A4E768 /* splash */,
			);
			name = Resources;
			sourceTree = "<group>";
		};
		0CE60106151914A900A4E768 /* en.lproj */ = {
			isa = PBXGroup;
			children = (
				0CE60107151914A900A4E768 /* Localizable.strings */,
			);
			name = en.lproj;
			sourceTree = "<group>";
		};
		0CE6010A151914A900A4E768 /* es.lproj */ = {
			isa = PBXGroup;
			children = (
				0CE6010B151914A900A4E768 /* Localizable.strings */,
			);
			name = es.lproj;
			sourceTree = "<group>";
		};
		0CE6010E151914A900A4E768 /* icons */ = {
			isa = PBXGroup;
			children = (
				0CE6010F151914A900A4E768 /* icon.png */,
				0CE60111151914A900A4E768 /* icon@2x.png */,
				0CE60113151914A900A4E768 /* icon-72.png */,
			);
			name = icons;
			sourceTree = "<group>";
		};
		0CE60115151914A900A4E768 /* splash */ = {
			isa = PBXGroup;
			children = (
				0CE60116151914A900A4E768 /* Default.png */,
				0CE60118151914A900A4E768 /* Default@2x.png */,
			);
			name = splash;
			sourceTree = "<group>";
		};
		0CE6011E151914A900A4E768 /* Classes */ = {
			isa = PBXGroup;
			children = (
				0CE6011F151914A900A4E768 /* AppDelegate.h */,
				0CE60120151914A900A4E768 /* AppDelegate.m */,
				0CE60122151914A900A4E768 /* MainViewController.h */,
				0CE60123151914A900A4E768 /* MainViewController.m */,
			);
			name = Classes;
			sourceTree = "<group>";
		};
		0CE60127151914A900A4E768 /* Plugins */ = {
			isa = PBXGroup;
			children = (
				F42440FF156BF92B00AEAAD2 /* ChildBrowserCommand.h */,
				F4244100156BF92B00AEAAD2 /* ChildBrowserCommand.m */,
				F4244101156BF92B00AEAAD2 /* ChildBrowserViewController.h */,
				F4244102156BF92B00AEAAD2 /* ChildBrowserViewController.m */,
				F4244103156BF92B00AEAAD2 /* ChildBrowserViewController.xib */,
				F4CCDAE2152A27ED00313C3B /* GANTracker.h */,
				F4CCDAE3152A27ED00313C3B /* libGoogleAnalytics.a */,
				F4CCDADC152A27E100313C3B /* GoogleAnalyticsPlugin.h */,
				F4CCDADD152A27E100313C3B /* GoogleAnalyticsPlugin.m */,
				F4CCDADE152A27E100313C3B /* GoogSDK */,
				0CE60128151914A900A4E768 /* README */,
			);
			name = Plugins;
			sourceTree = "<group>";
		};
/* End PBXGroup section */

/* Begin PBXNativeTarget section */
		0CE600DB151914A900A4E768 /* CapitalTour */ = {
			isa = PBXNativeTarget;
			buildConfigurationList = 0CE6012B151914A900A4E768 /* Build configuration list for PBXNativeTarget "CapitalTour" */;
			buildPhases = (
				0CE600D5151914A900A4E768 /* Sources */,
				0CE600D6151914A900A4E768 /* Frameworks */,
				0CE600D7151914A900A4E768 /* Resources */,
				0CE600D8151914A900A4E768 /* Sources */,
				0CE600D9151914A900A4E768 /* Frameworks */,
				0CE600DA151914A900A4E768 /* ShellScript */,
			);
			buildRules = (
			);
			dependencies = (
			);
			name = CapitalTour;
			productName = BruleJr;
			productReference = 0CE600DC151914A900A4E768 /* CapitalTour.app */;
			productType = "com.apple.product-type.application";
		};
/* End PBXNativeTarget section */

/* Begin PBXProject section */
		0CE600D0151914A900A4E768 /* Project object */ = {
			isa = PBXProject;
			attributes = {
				LastUpgradeCheck = 0610;
			};
			buildConfigurationList = 0CE600D3151914A900A4E768 /* Build configuration list for PBXProject "CapitalTour" */;
			compatibilityVersion = "Xcode 3.2";
			developmentRegion = English;
			hasScannedForEncodings = 0;
			knownRegions = (
				en,
				es,
				fr,
			);
			mainGroup = 0CE600CE151914A900A4E768;
			productRefGroup = 0CE600DD151914A900A4E768 /* Products */;
			projectDirPath = "";
			projectRoot = "";
			targets = (
				0CE600DB151914A900A4E768 /* CapitalTour */,
			);
		};
/* End PBXProject section */

/* Begin PBXResourcesBuildPhase section */
		0CE600D7151914A900A4E768 /* Resources */ = {
			isa = PBXResourcesBuildPhase;
			buildActionMask = 2147483647;
			files = (
				0CE600FF151914A900A4E768 /* InfoPlist.strings in Resources */,
				0CE60109151914A900A4E768 /* Localizable.strings in Resources */,
				0CE6010D151914A900A4E768 /* Localizable.strings in Resources */,
				0CE60110151914A900A4E768 /* icon.png in Resources */,
				0CE60112151914A900A4E768 /* icon@2x.png in Resources */,
				0CE60114151914A900A4E768 /* icon-72.png in Resources */,
				0CE60117151914A900A4E768 /* Default.png in Resources */,
				0CE60119151914A900A4E768 /* Default@2x.png in Resources */,
				0CE6011B151914A900A4E768 /* Capture.bundle in Resources */,
				0CE6011D151914A900A4E768 /* PhoneGap.plist in Resources */,
				0CE60126151914A900A4E768 /* MainViewController.xib in Resources */,
				F4CCDAE0152A27E100313C3B /* GoogSDK in Resources */,
				F4244106156BF92B00AEAAD2 /* ChildBrowserViewController.xib in Resources */,
				8274E73A156C388100CA74CF /* www in Resources */,
			);
			runOnlyForDeploymentPostprocessing = 0;
		};
/* End PBXResourcesBuildPhase section */

/* Begin PBXShellScriptBuildPhase section */
		0CE600DA151914A900A4E768 /* ShellScript */ = {
			isa = PBXShellScriptBuildPhase;
			buildActionMask = 2147483647;
			files = (
			);
			inputPaths = (
			);
			outputPaths = (
			);
			runOnlyForDeploymentPostprocessing = 0;
			shellPath = /bin/bash;
			shellScript = "\n\t\t\t\t\t\t\t\tif [ ! -d \"$PROJECT_DIR/www\" ] ; then\n\t\t\t\t\t\t\t\t\tcp -R /Users/Shared/PhoneGap/Frameworks/PhoneGap.framework/www \"$PROJECT_DIR\"\n\t\t\t\t\t\t\t\tfi\n\t\t\t\t\t\t\t\t# detect www folder reference in project, if missing, print warning\n\t\t\t\t\t\t\t\tgrep \"{isa = PBXFileReference; lastKnownFileType = folder; path = www; sourceTree = \\\"<group>\\\"; };\" \"$PROJECT_DIR/$PROJECT_NAME.xcodeproj/project.pbxproj\"\n\t\t\t\t\t\t\t\trc=$? \n\t\t\t\t\t\t\t\tif [ $rc != 0 ] ; then\n\t\t\t\t\t\t\t\techo -e \"warning: Missing - Add $PROJECT_DIR/www as a folder reference in your project. Just drag and drop the folder into your project, into the Project Navigator of Xcode 4. Make sure you select the second radio-button: 'Create folder references for any added folders' (which will create a blue folder)\" 1>&2\n\t\t\t\t\t\t\t\tfi\t\t\t\t\t\t\t";
		};
/* End PBXShellScriptBuildPhase section */

/* Begin PBXSourcesBuildPhase section */
		0CE600D5151914A900A4E768 /* Sources */ = {
			isa = PBXSourcesBuildPhase;
			buildActionMask = 2147483647;
			files = (
				0CE60101151914A900A4E768 /* main.m in Sources */,
				0CE60121151914A900A4E768 /* AppDelegate.m in Sources */,
				0CE60124151914A900A4E768 /* MainViewController.m in Sources */,
				F4CCDADF152A27E100313C3B /* GoogleAnalyticsPlugin.m in Sources */,
				F49660A7153F4EE700E5ACAB /* PGTestFlight.m in Sources */,
				F4244104156BF92B00AEAAD2 /* ChildBrowserCommand.m in Sources */,
				F4244105156BF92B00AEAAD2 /* ChildBrowserViewController.m in Sources */,
			);
			runOnlyForDeploymentPostprocessing = 0;
		};
		0CE600D8151914A900A4E768 /* Sources */ = {
			isa = PBXSourcesBuildPhase;
			buildActionMask = 2147483647;
			files = (
			);
			runOnlyForDeploymentPostprocessing = 0;
		};
/* End PBXSourcesBuildPhase section */

/* Begin PBXVariantGroup section */
		0CE600FD151914A900A4E768 /* InfoPlist.strings */ = {
			isa = PBXVariantGroup;
			children = (
				0CE600FE151914A900A4E768 /* en */,
				F4BD112B154615E8004E04F9 /* fr */,
			);
			name = InfoPlist.strings;
			sourceTree = "<group>";
		};
		0CE60107151914A900A4E768 /* Localizable.strings */ = {
			isa = PBXVariantGroup;
			children = (
				0CE60108151914A900A4E768 /* en */,
			);
			name = Localizable.strings;
			sourceTree = "<group>";
		};
		0CE6010B151914A900A4E768 /* Localizable.strings */ = {
			isa = PBXVariantGroup;
			children = (
				0CE6010C151914A900A4E768 /* es */,
			);
			name = Localizable.strings;
			sourceTree = "<group>";
		};
/* End PBXVariantGroup section */

/* Begin XCBuildConfiguration section */
		0CE60129151914A900A4E768 /* Debug */ = {
			isa = XCBuildConfiguration;
			buildSettings = {
				ALWAYS_SEARCH_USER_PATHS = NO;
				CODE_SIGN_IDENTITY = "iPhone Developer: Jedd Horvath (J8663NS9G8)";
				"CODE_SIGN_IDENTITY[sdk=iphoneos*]" = "iPhone Developer: Jedd Horvath (J8663NS9G8)";
				COPY_PHASE_STRIP = NO;
				GCC_C_LANGUAGE_STANDARD = gnu99;
				GCC_DYNAMIC_NO_PIC = NO;
				GCC_OPTIMIZATION_LEVEL = 0;
				GCC_PREPROCESSOR_DEFINITIONS = (
					"DEBUG=1",
					"$(inherited)",
				);
				GCC_SYMBOLS_PRIVATE_EXTERN = NO;
				GCC_VERSION = com.apple.compilers.llvmgcc42;
				GCC_WARN_ABOUT_RETURN_TYPE = YES;
				GCC_WARN_UNINITIALIZED_AUTOS = YES;
				GCC_WARN_UNUSED_VARIABLE = YES;
				IPHONEOS_DEPLOYMENT_TARGET = 3.0;
				ONLY_ACTIVE_ARCH = YES;
				PROVISIONING_PROFILE = "CDC1AFC9-5AC5-43A2-94BF-32939A7BAEAB";
				"PROVISIONING_PROFILE[sdk=iphoneos*]" = "CDC1AFC9-5AC5-43A2-94BF-32939A7BAEAB";
				SDKROOT = iphoneos;
			};
			name = Debug;
		};
		0CE6012A151914A900A4E768 /* Release */ = {
			isa = XCBuildConfiguration;
			buildSettings = {
				ALWAYS_SEARCH_USER_PATHS = NO;
				CODE_SIGN_IDENTITY = "iPhone Developer";
				"CODE_SIGN_IDENTITY[sdk=iphoneos*]" = "iPhone Distribution: National Capital Commission";
				COPY_PHASE_STRIP = YES;
				GCC_C_LANGUAGE_STANDARD = gnu99;
				GCC_VERSION = com.apple.compilers.llvmgcc42;
				GCC_WARN_ABOUT_RETURN_TYPE = YES;
				GCC_WARN_UNINITIALIZED_AUTOS = YES;
				GCC_WARN_UNUSED_VARIABLE = YES;
				IPHONEOS_DEPLOYMENT_TARGET = 3.0;
				PROVISIONING_PROFILE = "";
				"PROVISIONING_PROFILE[sdk=iphoneos*]" = "403D013B-F1E5-4893-86E6-B7368554C70D";
				SDKROOT = iphoneos;
				VALIDATE_PRODUCT = YES;
			};
			name = Release;
		};
		0CE6012C151914A900A4E768 /* Debug */ = {
			isa = XCBuildConfiguration;
			buildSettings = {
				ALWAYS_SEARCH_USER_PATHS = YES;
				CODE_SIGN_ENTITLEMENTS = BruleJr/BruleJr.entitlements;
				CODE_SIGN_IDENTITY = "iPhone Developer";
				"CODE_SIGN_IDENTITY[sdk=iphoneos*]" = "iPhone Developer";
				COPY_PHASE_STRIP = NO;
				FRAMEWORK_SEARCH_PATHS = /Users/Shared/PhoneGap/Frameworks;
				GCC_DYNAMIC_NO_PIC = NO;
				GCC_PRECOMPILE_PREFIX_HEADER = YES;
				GCC_PREFIX_HEADER = "BruleJr/CapitalTour-Prefix.pch";
				GCC_PREPROCESSOR_DEFINITIONS = "PHONEGAP_FRAMEWORK=YES";
				GCC_VERSION = com.apple.compilers.llvm.clang.1_0;
				INFOPLIST_FILE = "BruleJr/CapitalTour-Info.plist";
				IPHONEOS_DEPLOYMENT_TARGET = 4.3;
				LIBRARY_SEARCH_PATHS = (
					"$(inherited)",
					"\"$(SRCROOT)/BruleJr/Plugins/GoogSDK\"",
					"\"$(SRCROOT)\"",
				);
				OTHER_LDFLAGS = (
					"-weak_framework",
					UIKit,
					"-weak_framework",
					AVFoundation,
					"-weak_framework",
					CoreMedia,
					"-weak_library",
					/usr/lib/libSystem.B.dylib,
				);
				PRODUCT_NAME = CapitalTour;
				PROVISIONING_PROFILE = "";
				"PROVISIONING_PROFILE[sdk=iphoneos*]" = "";
				TARGETED_DEVICE_FAMILY = 1;
				VALID_ARCHS = armv7;
				WRAPPER_EXTENSION = app;
			};
			name = Debug;
		};
		0CE6012D151914A900A4E768 /* Release */ = {
			isa = XCBuildConfiguration;
			buildSettings = {
				ALWAYS_SEARCH_USER_PATHS = YES;
				CODE_SIGN_ENTITLEMENTS = BruleJr/BruleJr.entitlements;
				CODE_SIGN_IDENTITY = "iPhone Distribution: National Capital Commission";
				"CODE_SIGN_IDENTITY[sdk=iphoneos*]" = "iPhone Distribution: National Capital Commission";
				COPY_PHASE_STRIP = YES;
				DEBUG_INFORMATION_FORMAT = "dwarf-with-dsym";
				FRAMEWORK_SEARCH_PATHS = /Users/Shared/PhoneGap/Frameworks;
				GCC_PRECOMPILE_PREFIX_HEADER = YES;
				GCC_PREFIX_HEADER = "BruleJr/CapitalTour-Prefix.pch";
				GCC_PREPROCESSOR_DEFINITIONS = "PHONEGAP_FRAMEWORK=YES";
				GCC_VERSION = com.apple.compilers.llvm.clang.1_0;
				INFOPLIST_FILE = "BruleJr/CapitalTour-Info.plist";
				IPHONEOS_DEPLOYMENT_TARGET = 4.3;
				LIBRARY_SEARCH_PATHS = (
					"$(inherited)",
					"\"$(SRCROOT)/BruleJr/Plugins/GoogSDK\"",
					"\"$(SRCROOT)\"",
				);
				OTHER_LDFLAGS = (
					"-weak_framework",
					UIKit,
					"-weak_framework",
					AVFoundation,
					"-weak_framework",
					CoreMedia,
					"-weak_library",
					/usr/lib/libSystem.B.dylib,
				);
				PRODUCT_NAME = CapitalTour;
				PROVISIONING_PROFILE = "403D013B-F1E5-4893-86E6-B7368554C70D";
				"PROVISIONING_PROFILE[sdk=iphoneos*]" = "403D013B-F1E5-4893-86E6-B7368554C70D";
				TARGETED_DEVICE_FAMILY = 1;
				VALIDATE_PRODUCT = YES;
				VALID_ARCHS = armv7;
				WRAPPER_EXTENSION = app;
			};
			name = Release;
		};
		F49660A9153F524000E5ACAB /* Ad Hoc */ = {
			isa = XCBuildConfiguration;
			buildSettings = {
				ALWAYS_SEARCH_USER_PATHS = NO;
				CODE_SIGN_IDENTITY = "iPhone Developer";
				"CODE_SIGN_IDENTITY[sdk=iphoneos*]" = "iPhone Distribution: Autobox Media Inc";
				COPY_PHASE_STRIP = YES;
				GCC_C_LANGUAGE_STANDARD = gnu99;
				GCC_VERSION = com.apple.compilers.llvmgcc42;
				GCC_WARN_ABOUT_RETURN_TYPE = YES;
				GCC_WARN_UNINITIALIZED_AUTOS = YES;
				GCC_WARN_UNUSED_VARIABLE = YES;
				IPHONEOS_DEPLOYMENT_TARGET = 3.0;
				PROVISIONING_PROFILE = "";
				"PROVISIONING_PROFILE[sdk=iphoneos*]" = "CDF6B236-3DF5-4D25-99AD-785A902741F6";
				SDKROOT = iphoneos;
				VALIDATE_PRODUCT = YES;
			};
			name = "Ad Hoc";
		};
		F49660AA153F524000E5ACAB /* Ad Hoc */ = {
			isa = XCBuildConfiguration;
			buildSettings = {
				ALWAYS_SEARCH_USER_PATHS = YES;
				CODE_SIGN_ENTITLEMENTS = BruleJr/BruleJr.entitlements;
				CODE_SIGN_IDENTITY = "iPhone Distribution: Autobox Media Inc";
				"CODE_SIGN_IDENTITY[sdk=iphoneos*]" = "iPhone Distribution: Autobox Media Inc";
				COPY_PHASE_STRIP = YES;
				DEBUG_INFORMATION_FORMAT = "dwarf-with-dsym";
				FRAMEWORK_SEARCH_PATHS = /Users/Shared/PhoneGap/Frameworks;
				GCC_PRECOMPILE_PREFIX_HEADER = YES;
				GCC_PREFIX_HEADER = "BruleJr/CapitalTour-Prefix.pch";
				GCC_PREPROCESSOR_DEFINITIONS = "PHONEGAP_FRAMEWORK=YES";
				GCC_VERSION = com.apple.compilers.llvm.clang.1_0;
				INFOPLIST_FILE = "BruleJr/CapitalTour-Info.plist";
				IPHONEOS_DEPLOYMENT_TARGET = 4.3;
				LIBRARY_SEARCH_PATHS = (
					"$(inherited)",
					"\"$(SRCROOT)/BruleJr/Plugins/GoogSDK\"",
					"\"$(SRCROOT)\"",
				);
				OTHER_LDFLAGS = (
					"-weak_framework",
					UIKit,
					"-weak_framework",
					AVFoundation,
					"-weak_framework",
					CoreMedia,
					"-weak_library",
					/usr/lib/libSystem.B.dylib,
				);
				PRODUCT_NAME = CapitalTour;
				PROVISIONING_PROFILE = "B3C41248-B7A4-4E68-96FA-BA20D71C460F";
				"PROVISIONING_PROFILE[sdk=iphoneos*]" = "B3C41248-B7A4-4E68-96FA-BA20D71C460F";
				TARGETED_DEVICE_FAMILY = 1;
				VALIDATE_PRODUCT = YES;
				VALID_ARCHS = armv7;
				WRAPPER_EXTENSION = app;
			};
			name = "Ad Hoc";
		};
/* End XCBuildConfiguration section */

/* Begin XCConfigurationList section */
		0CE600D3151914A900A4E768 /* Build configuration list for PBXProject "CapitalTour" */ = {
			isa = XCConfigurationList;
			buildConfigurations = (
				0CE60129151914A900A4E768 /* Debug */,
				0CE6012A151914A900A4E768 /* Release */,
				F49660A9153F524000E5ACAB /* Ad Hoc */,
			);
			defaultConfigurationIsVisible = 0;
			defaultConfigurationName = Release;
		};
		0CE6012B151914A900A4E768 /* Build configuration list for PBXNativeTarget "CapitalTour" */ = {
			isa = XCConfigurationList;
			buildConfigurations = (
				0CE6012C151914A900A4E768 /* Debug */,
				0CE6012D151914A900A4E768 /* Release */,
				F49660AA153F524000E5ACAB /* Ad Hoc */,
			);
			defaultConfigurationIsVisible = 0;
			defaultConfigurationName = Release;
		};
/* End XCConfigurationList section */
	};
	rootObject = 0CE600D0151914A900A4E768 /* Project object */;
}
